
Microsoft Visual Studio Solution File, Format Version 12.00
# Visual Studio Version 17
VisualStudioVersion = 17.3.32825.248
MinimumVisualStudioVersion = 10.0.40219.1
Project("{9A19103F-16F7-4668-BE54-9A1E7A4F7556}") = "roomshare-room-service-command", "roomshare-room-service\roomshare-room-service-command.csproj", "{26AD813E-6FEB-4B28-BB7D-F46D421C2F27}"
EndProject
Project("{E53339B2-1760-4266-BCC7-CA923CBCF16C}") = "docker-compose", "docker-compose.dcproj", "{8B5C9656-0201-4814-A4AD-813694608881}"
EndProject
Project("{FAE04EC0-301F-11D3-BF4B-00C04F79EFBC}") = "Roomshare.Room.Service.Command", "Roomshare.Room.Service.Command\Roomshare.Room.Service.Command.csproj", "{BAC8B468-DE2B-45F7-A88E-60D476424CAC}"
EndProject
Global
	GlobalSection(SolutionConfigurationPlatforms) = preSolution
		Debug|Any CPU = Debug|Any CPU
		Release|Any CPU = Release|Any CPU
	EndGlobalSection
	GlobalSection(ProjectConfigurationPlatforms) = postSolution
		{26AD813E-6FEB-4B28-BB7D-F46D421C2F27}.Debug|Any CPU.ActiveCfg = Debug|Any CPU
		{26AD813E-6FEB-4B28-BB7D-F46D421C2F27}.Debug|Any CPU.Build.0 = Debug|Any CPU
		{26AD813E-6FEB-4B28-BB7D-F46D421C2F27}.Release|Any CPU.ActiveCfg = Release|Any CPU
		{26AD813E-6FEB-4B28-BB7D-F46D421C2F27}.Release|Any CPU.Build.0 = Release|Any CPU
		{8B5C9656-0201-4814-A4AD-813694608881}.Debug|Any CPU.ActiveCfg = Debug|Any CPU
		{8B5C9656-0201-4814-A4AD-813694608881}.Debug|Any CPU.Build.0 = Debug|Any CPU
		{8B5C9656-0201-4814-A4AD-813694608881}.Release|Any CPU.ActiveCfg = Release|Any CPU
		{8B5C9656-0201-4814-A4AD-813694608881}.Release|Any CPU.Build.0 = Release|Any CPU
		{BAC8B468-DE2B-45F7-A88E-60D476424CAC}.Debug|Any CPU.ActiveCfg = Debug|Any CPU
		{BAC8B468-DE2B-45F7-A88E-60D476424CAC}.Debug|Any CPU.Build.0 = Debug|Any CPU
		{BAC8B468-DE2B-45F7-A88E-60D476424CAC}.Release|Any CPU.ActiveCfg = Release|Any CPU
		{BAC8B468-DE2B-45F7-A88E-60D476424CAC}.Release|Any CPU.Build.0 = Release|Any CPU
	EndGlobalSection
	GlobalSection(SolutionProperties) = preSolution
		HideSolutionNode = FALSE
	EndGlobalSection
	GlobalSection(ExtensibilityGlobals) = postSolution
		SolutionGuid = {6D29B22E-3676-42D0-8912-871B48C846F0}
	EndGlobalSection
EndGlobal
